
Microsoft Visual Studio Solution File, Format Version 12.00
# Visual Studio Version 16
VisualStudioVersion = 16.0.31321.278
MinimumVisualStudioVersion = 10.0.40219.1
Project("{9A19103F-16F7-4668-BE54-9A1E7A4F7556}") = "Membership.API", "Membership.API\Membership.API.csproj", "{138066FD-55AE-4894-9E7C-0BC093CC7F16}"
EndProject
Project("{9A19103F-16F7-4668-BE54-9A1E7A4F7556}") = "Consumer.API", "Consumer.API\Consumer.API.csproj", "{8CF90CCB-69C4-4F24-8659-6AE05273E4EB}"
EndProject
Project("{FAE04EC0-301F-11D3-BF4B-00C04F79EFBC}") = "Frontend.Web", "Frontend.Web\Frontend.Web.csproj", "{50C75BC6-A900-4026-8F98-1C959BE9D94D}"
EndProject
Global
	GlobalSection(SolutionConfigurationPlatforms) = preSolution
		Debug|Any CPU = Debug|Any CPU
		Release|Any CPU = Release|Any CPU
	EndGlobalSection
	GlobalSection(ProjectConfigurationPlatforms) = postSolution
		{138066FD-55AE-4894-9E7C-0BC093CC7F16}.Debug|Any CPU.ActiveCfg = Debug|Any CPU
		{138066FD-55AE-4894-9E7C-0BC093CC7F16}.Debug|Any CPU.Build.0 = Debug|Any CPU
		{138066FD-55AE-4894-9E7C-0BC093CC7F16}.Release|Any CPU.ActiveCfg = Release|Any CPU
		{138066FD-55AE-4894-9E7C-0BC093CC7F16}.Release|Any CPU.Build.0 = Release|Any CPU
		{8CF90CCB-69C4-4F24-8659-6AE05273E4EB}.Debug|Any CPU.ActiveCfg = Debug|Any CPU
		{8CF90CCB-69C4-4F24-8659-6AE05273E4EB}.Debug|Any CPU.Build.0 = Debug|Any CPU
		{8CF90CCB-69C4-4F24-8659-6AE05273E4EB}.Release|Any CPU.ActiveCfg = Release|Any CPU
		{8CF90CCB-69C4-4F24-8659-6AE05273E4EB}.Release|Any CPU.Build.0 = Release|Any CPU
		{50C75BC6-A900-4026-8F98-1C959BE9D94D}.Debug|Any CPU.ActiveCfg = Debug|Any CPU
		{50C75BC6-A900-4026-8F98-1C959BE9D94D}.Debug|Any CPU.Build.0 = Debug|Any CPU
		{50C75BC6-A900-4026-8F98-1C959BE9D94D}.Release|Any CPU.ActiveCfg = Release|Any CPU
		{50C75BC6-A900-4026-8F98-1C959BE9D94D}.Release|Any CPU.Build.0 = Release|Any CPU
	EndGlobalSection
	GlobalSection(SolutionProperties) = preSolution
		HideSolutionNode = FALSE
	EndGlobalSection
	GlobalSection(ExtensibilityGlobals) = postSolution
		SolutionGuid = {A87A016E-5438-40F6-9A15-0623037C9A22}
	EndGlobalSection
EndGlobal
